// !$*UTF8*$!
{
	archiveVersion = 1;
	classes = {
	};
	objectVersion = 46;
	objects = {

/* Begin PBXBuildFile section */
		9DB055621D8CA0CE00D69503 /* AppDelegate.swift in Sources */ = {isa = PBXBuildFile; fileRef = 9DB055611D8CA0CE00D69503 /* AppDelegate.swift */; };
		9DB055641D8CA0CE00D69503 /* ViewController.swift in Sources */ = {isa = PBXBuildFile; fileRef = 9DB055631D8CA0CE00D69503 /* ViewController.swift */; };
		9DB055671D8CA0CE00D69503 /* Main.storyboard in Resources */ = {isa = PBXBuildFile; fileRef = 9DB055651D8CA0CE00D69503 /* Main.storyboard */; };
		9DB055691D8CA0CE00D69503 /* Assets.xcassets in Resources */ = {isa = PBXBuildFile; fileRef = 9DB055681D8CA0CE00D69503 /* Assets.xcassets */; };
		9DB0556C1D8CA0CE00D69503 /* LaunchScreen.storyboard in Resources */ = {isa = PBXBuildFile; fileRef = 9DB0556A1D8CA0CE00D69503 /* LaunchScreen.storyboard */; };
		9DB055771D8CA0CE00D69503 /* KGHalfPresentVCDemoTests.swift in Sources */ = {isa = PBXBuildFile; fileRef = 9DB055761D8CA0CE00D69503 /* KGHalfPresentVCDemoTests.swift */; };
		9DB055821D8CA0CE00D69503 /* KGHalfPresentVCDemoUITests.swift in Sources */ = {isa = PBXBuildFile; fileRef = 9DB055811D8CA0CE00D69503 /* KGHalfPresentVCDemoUITests.swift */; };
		9DB055901D8CB3C900D69503 /* HalfModalViewController.swift in Sources */ = {isa = PBXBuildFile; fileRef = 9DB0558F1D8CB3C900D69503 /* HalfModalViewController.swift */; };
/* End PBXBuildFile section */

/* Begin PBXContainerItemProxy section */
		9DB055731D8CA0CE00D69503 /* PBXContainerItemProxy */ = {
			isa = PBXContainerItemProxy;
			containerPortal = 9DB055561D8CA0CE00D69503 /* Project object */;
			proxyType = 1;
			remoteGlobalIDString = 9DB0555D1D8CA0CE00D69503;
			remoteInfo = KGHalfPresentVCDemo;
		};
		9DB0557E1D8CA0CE00D69503 /* PBXContainerItemProxy */ = {
			isa = PBXContainerItemProxy;
			containerPortal = 9DB055561D8CA0CE00D69503 /* Project object */;
			proxyType = 1;
			remoteGlobalIDString = 9DB0555D1D8CA0CE00D69503;
			remoteInfo = KGHalfPresentVCDemo;
		};
/* End PBXContainerItemProxy section */

/* Begin PBXFileReference section */
		9DB0555E1D8CA0CE00D69503 /* KGHalfPresentVCDemo.app */ = {isa = PBXFileReference; explicitFileType = wrapper.application; includeInIndex = 0; path = KGHalfPresentVCDemo.app; sourceTree = BUILT_PRODUCTS_DIR; };
		9DB055611D8CA0CE00D69503 /* AppDelegate.swift */ = {isa = PBXFileReference; lastKnownFileType = sourcecode.swift; path = AppDelegate.swift; sourceTree = "<group>"; };
		9DB055631D8CA0CE00D69503 /* ViewController.swift */ = {isa = PBXFileReference; lastKnownFileType = sourcecode.swift; path = ViewController.swift; sourceTree = "<group>"; };
		9DB055661D8CA0CE00D69503 /* Base */ = {isa = PBXFileReference; lastKnownFileType = file.storyboard; name = Base; path = Base.lproj/Main.storyboard; sourceTree = "<group>"; };
		9DB055681D8CA0CE00D69503 /* Assets.xcassets */ = {isa = PBXFileReference; lastKnownFileType = folder.assetcatalog; path = Assets.xcassets; sourceTree = "<group>"; };
		9DB0556B1D8CA0CE00D69503 /* Base */ = {isa = PBXFileReference; lastKnownFileType = file.storyboard; name = Base; path = Base.lproj/LaunchScreen.storyboard; sourceTree = "<group>"; };
		9DB0556D1D8CA0CE00D69503 /* Info.plist */ = {isa = PBXFileReference; lastKnownFileType = text.plist.xml; path = Info.plist; sourceTree = "<group>"; };
		9DB055721D8CA0CE00D69503 /* KGHalfPresentVCDemoTests.xctest */ = {isa = PBXFileReference; explicitFileType = wrapper.cfbundle; includeInIndex = 0; path = KGHalfPresentVCDemoTests.xctest; sourceTree = BUILT_PRODUCTS_DIR; };
		9DB055761D8CA0CE00D69503 /* KGHalfPresentVCDemoTests.swift */ = {isa = PBXFileReference; lastKnownFileType = sourcecode.swift; path = KGHalfPresentVCDemoTests.swift; sourceTree = "<group>"; };
		9DB055781D8CA0CE00D69503 /* Info.plist */ = {isa = PBXFileReference; lastKnownFileType = text.plist.xml; path = Info.plist; sourceTree = "<group>"; };
		9DB0557D1D8CA0CE00D69503 /* KGHalfPresentVCDemoUITests.xctest */ = {isa = PBXFileReference; explicitFileType = wrapper.cfbundle; includeInIndex = 0; path = KGHalfPresentVCDemoUITests.xctest; sourceTree = BUILT_PRODUCTS_DIR; };
		9DB055811D8CA0CE00D69503 /* KGHalfPresentVCDemoUITests.swift */ = {isa = PBXFileReference; lastKnownFileType = sourcecode.swift; path = KGHalfPresentVCDemoUITests.swift; sourceTree = "<group>"; };
		9DB055831D8CA0CE00D69503 /* Info.plist */ = {isa = PBXFileReference; lastKnownFileType = text.plist.xml; path = Info.plist; sourceTree = "<group>"; };
		9DB0558F1D8CB3C900D69503 /* HalfModalViewController.swift */ = {isa = PBXFileReference; fileEncoding = 4; lastKnownFileType = sourcecode.swift; path = HalfModalViewController.swift; sourceTree = "<group>"; };
/* End PBXFileReference section */

/* Begin PBXFrameworksBuildPhase section */
		9DB0555B1D8CA0CE00D69503 /* Frameworks */ = {
			isa = PBXFrameworksBuildPhase;
			buildActionMask = 2147483647;
			files = (
			);
			runOnlyForDeploymentPostprocessing = 0;
		};
		9DB0556F1D8CA0CE00D69503 /* Frameworks */ = {
			isa = PBXFrameworksBuildPhase;
			buildActionMask = 2147483647;
			files = (
			);
			runOnlyForDeploymentPostprocessing = 0;
		};
		9DB0557A1D8CA0CE00D69503 /* Frameworks */ = {
			isa = PBXFrameworksBuildPhase;
			buildActionMask = 2147483647;
			files = (
			);
			runOnlyForDeploymentPostprocessing = 0;
		};
/* End PBXFrameworksBuildPhase section */

/* Begin PBXGroup section */
		9DB055551D8CA0CE00D69503 = {
			isa = PBXGroup;
			children = (
				9DB055601D8CA0CE00D69503 /* KGHalfPresentVCDemo */,
				9DB055751D8CA0CE00D69503 /* KGHalfPresentVCDemoTests */,
				9DB055801D8CA0CE00D69503 /* KGHalfPresentVCDemoUITests */,
				9DB0555F1D8CA0CE00D69503 /* Products */,
			);
			sourceTree = "<group>";
		};
		9DB0555F1D8CA0CE00D69503 /* Products */ = {
			isa = PBXGroup;
			children = (
				9DB0555E1D8CA0CE00D69503 /* KGHalfPresentVCDemo.app */,
				9DB055721D8CA0CE00D69503 /* KGHalfPresentVCDemoTests.xctest */,
				9DB0557D1D8CA0CE00D69503 /* KGHalfPresentVCDemoUITests.xctest */,
			);
			name = Products;
			sourceTree = "<group>";
		};
		9DB055601D8CA0CE00D69503 /* KGHalfPresentVCDemo */ = {
			isa = PBXGroup;
			children = (
				9DB055611D8CA0CE00D69503 /* AppDelegate.swift */,
				9DB0558F1D8CB3C900D69503 /* HalfModalViewController.swift */,
				9DB055631D8CA0CE00D69503 /* ViewController.swift */,
				9DB055651D8CA0CE00D69503 /* Main.storyboard */,
				9DB055681D8CA0CE00D69503 /* Assets.xcassets */,
				9DB0556A1D8CA0CE00D69503 /* LaunchScreen.storyboard */,
				9DB0556D1D8CA0CE00D69503 /* Info.plist */,
			);
			path = KGHalfPresentVCDemo;
			sourceTree = "<group>";
		};
		9DB055751D8CA0CE00D69503 /* KGHalfPresentVCDemoTests */ = {
			isa = PBXGroup;
			children = (
				9DB055761D8CA0CE00D69503 /* KGHalfPresentVCDemoTests.swift */,
				9DB055781D8CA0CE00D69503 /* Info.plist */,
			);
			path = KGHalfPresentVCDemoTests;
			sourceTree = "<group>";
		};
		9DB055801D8CA0CE00D69503 /* KGHalfPresentVCDemoUITests */ = {
			isa = PBXGroup;
			children = (
				9DB055811D8CA0CE00D69503 /* KGHalfPresentVCDemoUITests.swift */,
				9DB055831D8CA0CE00D69503 /* Info.plist */,
			);
			path = KGHalfPresentVCDemoUITests;
			sourceTree = "<group>";
		};
/* End PBXGroup section */

/* Begin PBXNativeTarget section */
		9DB0555D1D8CA0CE00D69503 /* KGHalfPresentVCDemo */ = {
			isa = PBXNativeTarget;
			buildConfigurationList = 9DB055861D8CA0CE00D69503 /* Build configuration list for PBXNativeTarget "KGHalfPresentVCDemo" */;
			buildPhases = (
				9DB0555A1D8CA0CE00D69503 /* Sources */,
				9DB0555B1D8CA0CE00D69503 /* Frameworks */,
				9DB0555C1D8CA0CE00D69503 /* Resources */,
			);
			buildRules = (
			);
			dependencies = (
			);
			name = KGHalfPresentVCDemo;
			productName = KGHalfPresentVCDemo;
			productReference = 9DB0555E1D8CA0CE00D69503 /* KGHalfPresentVCDemo.app */;
			productType = "com.apple.product-type.application";
		};
		9DB055711D8CA0CE00D69503 /* KGHalfPresentVCDemoTests */ = {
			isa = PBXNativeTarget;
			buildConfigurationList = 9DB055891D8CA0CE00D69503 /* Build configuration list for PBXNativeTarget "KGHalfPresentVCDemoTests" */;
			buildPhases = (
				9DB0556E1D8CA0CE00D69503 /* Sources */,
				9DB0556F1D8CA0CE00D69503 /* Frameworks */,
				9DB055701D8CA0CE00D69503 /* Resources */,
			);
			buildRules = (
			);
			dependencies = (
				9DB055741D8CA0CE00D69503 /* PBXTargetDependency */,
			);
			name = KGHalfPresentVCDemoTests;
			productName = KGHalfPresentVCDemoTests;
			productReference = 9DB055721D8CA0CE00D69503 /* KGHalfPresentVCDemoTests.xctest */;
			productType = "com.apple.product-type.bundle.unit-test";
		};
		9DB0557C1D8CA0CE00D69503 /* KGHalfPresentVCDemoUITests */ = {
			isa = PBXNativeTarget;
			buildConfigurationList = 9DB0558C1D8CA0CE00D69503 /* Build configuration list for PBXNativeTarget "KGHalfPresentVCDemoUITests" */;
			buildPhases = (
				9DB055791D8CA0CE00D69503 /* Sources */,
				9DB0557A1D8CA0CE00D69503 /* Frameworks */,
				9DB0557B1D8CA0CE00D69503 /* Resources */,
			);
			buildRules = (
			);
			dependencies = (
				9DB0557F1D8CA0CE00D69503 /* PBXTargetDependency */,
			);
			name = KGHalfPresentVCDemoUITests;
			productName = KGHalfPresentVCDemoUITests;
			productReference = 9DB0557D1D8CA0CE00D69503 /* KGHalfPresentVCDemoUITests.xctest */;
			productType = "com.apple.product-type.bundle.ui-testing";
		};
/* End PBXNativeTarget section */

/* Begin PBXProject section */
		9DB055561D8CA0CE00D69503 /* Project object */ = {
			isa = PBXProject;
			attributes = {
				LastSwiftUpdateCheck = 0730;
				LastUpgradeCheck = 0730;
				ORGANIZATIONNAME = "Kevin Guo";
				TargetAttributes = {
					9DB0555D1D8CA0CE00D69503 = {
						CreatedOnToolsVersion = 7.3.1;
					};
					9DB055711D8CA0CE00D69503 = {
						CreatedOnToolsVersion = 7.3.1;
						TestTargetID = 9DB0555D1D8CA0CE00D69503;
					};
					9DB0557C1D8CA0CE00D69503 = {
						CreatedOnToolsVersion = 7.3.1;
						TestTargetID = 9DB0555D1D8CA0CE00D69503;
					};
				};
			};
			buildConfigurationList = 9DB055591D8CA0CE00D69503 /* Build configuration list for PBXProject "KGHalfPresentVCDemo" */;
			compatibilityVersion = "Xcode 3.2";
			developmentRegion = English;
			hasScannedForEncodings = 0;
			knownRegions = (
				en,
				Base,
			);
			mainGroup = 9DB055551D8CA0CE00D69503;
			productRefGroup = 9DB0555F1D8CA0CE00D69503 /* Products */;
			projectDirPath = "";
			projectRoot = "";
			targets = (
				9DB0555D1D8CA0CE00D69503 /* KGHalfPresentVCDemo */,
				9DB055711D8CA0CE00D69503 /* KGHalfPresentVCDemoTests */,
				9DB0557C1D8CA0CE00D69503 /* KGHalfPresentVCDemoUITests */,
			);
		};
/* End PBXProject section */

/* Begin PBXResourcesBuildPhase section */
		9DB0555C1D8CA0CE00D69503 /* Resources */ = {
			isa = PBXResourcesBuildPhase;
			buildActionMask = 2147483647;
			files = (
				9DB0556C1D8CA0CE00D69503 /* LaunchScreen.storyboard in Resources */,
				9DB055691D8CA0CE00D69503 /* Assets.xcassets in Resources */,
				9DB055671D8CA0CE00D69503 /* Main.storyboard in Resources */,
			);
			runOnlyForDeploymentPostprocessing = 0;
		};
		9DB055701D8CA0CE00D69503 /* Resources */ = {
			isa = PBXResourcesBuildPhase;
			buildActionMask = 2147483647;
			files = (
			);
			runOnlyForDeploymentPostprocessing = 0;
		};
		9DB0557B1D8CA0CE00D69503 /* Resources */ = {
			isa = PBXResourcesBuildPhase;
			buildActionMask = 2147483647;
			files = (
			);
			runOnlyForDeploymentPostprocessing = 0;
		};
/* End PBXResourcesBuildPhase section */

/* Begin PBXSourcesBuildPhase section */
		9DB0555A1D8CA0CE00D69503 /* Sources */ = {
			isa = PBXSourcesBuildPhase;
			buildActionMask = 2147483647;
			files = (
				9DB055901D8CB3C900D69503 /* HalfModalViewController.swift in Sources */,
				9DB055641D8CA0CE00D69503 /* ViewController.swift in Sources */,
				9DB055621D8CA0CE00D69503 /* AppDelegate.swift in Sources */,
			);
			runOnlyForDeploymentPostprocessing = 0;
		};
		9DB0556E1D8CA0CE00D69503 /* Sources */ = {
			isa = PBXSourcesBuildPhase;
			buildActionMask = 2147483647;
			files = (
				9DB055771D8CA0CE00D69503 /* KGHalfPresentVCDemoTests.swift in Sources */,
			);
			runOnlyForDeploymentPostprocessing = 0;
		};
		9DB055791D8CA0CE00D69503 /* Sources */ = {
			isa = PBXSourcesBuildPhase;
			buildActionMask = 2147483647;
			files = (
				9DB055821D8CA0CE00D69503 /* KGHalfPresentVCDemoUITests.swift in Sources */,
			);
			runOnlyForDeploymentPostprocessing = 0;
		};
/* End PBXSourcesBuildPhase section */

/* Begin PBXTargetDependency section */
		9DB055741D8CA0CE00D69503 /* PBXTargetDependency */ = {
			isa = PBXTargetDependency;
			target = 9DB0555D1D8CA0CE00D69503 /* KGHalfPresentVCDemo */;
			targetProxy = 9DB055731D8CA0CE00D69503 /* PBXContainerItemProxy */;
		};
		9DB0557F1D8CA0CE00D69503 /* PBXTargetDependency */ = {
			isa = PBXTargetDependency;
			target = 9DB0555D1D8CA0CE00D69503 /* KGHalfPresentVCDemo */;
			targetProxy = 9DB0557E1D8CA0CE00D69503 /* PBXContainerItemProxy */;
		};
/* End PBXTargetDependency section */

/* Begin PBXVariantGroup section */
		9DB055651D8CA0CE00D69503 /* Main.storyboard */ = {
			isa = PBXVariantGroup;
			children = (
				9DB055661D8CA0CE00D69503 /* Base */,
			);
			name = Main.storyboard;
			sourceTree = "<group>";
		};
		9DB0556A1D8CA0CE00D69503 /* LaunchScreen.storyboard */ = {
			isa = PBXVariantGroup;
			children = (
				9DB0556B1D8CA0CE00D69503 /* Base */,
			);
			name = LaunchScreen.storyboard;
			sourceTree = "<group>";
		};
/* End PBXVariantGroup section */

/* Begin XCBuildConfiguration section */
		9DB055841D8CA0CE00D69503 /* Debug */ = {
			isa = XCBuildConfiguration;
			buildSettings = {
				ALWAYS_SEARCH_USER_PATHS = NO;
				CLANG_ANALYZER_NONNULL = YES;
				CLANG_CXX_LANGUAGE_STANDARD = "gnu++0x";
				CLANG_CXX_LIBRARY = "libc++";
				CLANG_ENABLE_MODULES = YES;
				CLANG_ENABLE_OBJC_ARC = YES;
				CLANG_WARN_BOOL_CONVERSION = YES;
				CLANG_WARN_CONSTANT_CONVERSION = YES;
				CLANG_WARN_DIRECT_OBJC_ISA_USAGE = YES_ERROR;
				CLANG_WARN_EMPTY_BODY = YES;
				CLANG_WARN_ENUM_CONVERSION = YES;
				CLANG_WARN_INT_CONVERSION = YES;
				CLANG_WARN_OBJC_ROOT_CLASS = YES_ERROR;
				CLANG_WARN_UNREACHABLE_CODE = YES;
				CLANG_WARN__DUPLICATE_METHOD_MATCH = YES;
				"CODE_SIGN_IDENTITY[sdk=iphoneos*]" = "iPhone Developer";
				COPY_PHASE_STRIP = NO;
				DEBUG_INFORMATION_FORMAT = dwarf;
				ENABLE_STRICT_OBJC_MSGSEND = YES;
				ENABLE_TESTABILITY = YES;
				GCC_C_LANGUAGE_STANDARD = gnu99;
				GCC_DYNAMIC_NO_PIC = NO;
				GCC_NO_COMMON_BLOCKS = YES;
				GCC_OPTIMIZATION_LEVEL = 0;
				GCC_PREPROCESSOR_DEFINITIONS = (
					"DEBUG=1",
					"$(inherited)",
				);
				GCC_WARN_64_TO_32_BIT_CONVERSION = YES;
				GCC_WARN_ABOUT_RETURN_TYPE = YES_ERROR;
				GCC_WARN_UNDECLARED_SELECTOR = YES;
				GCC_WARN_UNINITIALIZED_AUTOS = YES_AGGRESSIVE;
				GCC_WARN_UNUSED_FUNCTION = YES;
				GCC_WARN_UNUSED_VARIABLE = YES;
				IPHONEOS_DEPLOYMENT_TARGET = 9.3;
				MTL_ENABLE_DEBUG_INFO = YES;
				ONLY_ACTIVE_ARCH = YES;
				SDKROOT = iphoneos;
				SWIFT_OPTIMIZATION_LEVEL = "-Onone";
				TARGETED_DEVICE_FAMILY = "1,2";
			};
			name = Debug;
		};
		9DB055851D8CA0CE00D69503 /* Release */ = {
			isa = XCBuildConfiguration;
			buildSettings = {
				ALWAYS_SEARCH_USER_PATHS = NO;
				CLANG_ANALYZER_NONNULL = YES;
				CLANG_CXX_LANGUAGE_STANDARD = "gnu++0x";
				CLANG_CXX_LIBRARY = "libc++";
				CLANG_ENABLE_MODULES = YES;
				CLANG_ENABLE_OBJC_ARC = YES;
				CLANG_WARN_BOOL_CONVERSION = YES;
				CLANG_WARN_CONSTANT_CONVERSION = YES;
				CLANG_WARN_DIRECT_OBJC_ISA_USAGE = YES_ERROR;
				CLANG_WARN_EMPTY_BODY = YES;
				CLANG_WARN_ENUM_CONVERSION = YES;
				CLANG_WARN_INT_CONVERSION = YES;
				CLANG_WARN_OBJC_ROOT_CLASS = YES_ERROR;
				CLANG_WARN_UNREACHABLE_CODE = YES;
				CLANG_WARN__DUPLICATE_METHOD_MATCH = YES;
				"CODE_SIGN_IDENTITY[sdk=iphoneos*]" = "iPhone Developer";
				COPY_PHASE_STRIP = NO;
				DEBUG_INFORMATION_FORMAT = "dwarf-with-dsym";
				ENABLE_NS_ASSERTIONS = NO;
				ENABLE_STRICT_OBJC_MSGSEND = YES;
				GCC_C_LANGUAGE_STANDARD = gnu99;
				GCC_NO_COMMON_BLOCKS = YES;
				GCC_WARN_64_TO_32_BIT_CONVERSION = YES;
				GCC_WARN_ABOUT_RETURN_TYPE = YES_ERROR;
				GCC_WARN_UNDECLARED_SELECTOR = YES;
				GCC_WARN_UNINITIALIZED_AUTOS = YES_AGGRESSIVE;
				GCC_WARN_UNUSED_FUNCTION = YES;
				GCC_WARN_UNUSED_VARIABLE = YES;
				IPHONEOS_DEPLOYMENT_TARGET = 9.3;
				MTL_ENABLE_DEBUG_INFO = NO;
				SDKROOT = iphoneos;
				TARGETED_DEVICE_FAMILY = "1,2";
				VALIDATE_PRODUCT = YES;
			};
			name = Release;
		};
		9DB055871D8CA0CE00D69503 /* Debug */ = {
			isa = XCBuildConfiguration;
			buildSettings = {
				ASSETCATALOG_COMPILER_APPICON_NAME = AppIcon;
				INFOPLIST_FILE = KGHalfPresentVCDemo/Info.plist;
				LD_RUNPATH_SEARCH_PATHS = "$(inherited) @executable_path/Frameworks";
				PRODUCT_BUNDLE_IDENTIFIER = com.mimik.KGHalfPresentVCDemo;
				PRODUCT_NAME = "$(TARGET_NAME)";
			};
			name = Debug;
		};
		9DB055881D8CA0CE00D69503 /* Release */ = {
			isa = XCBuildConfiguration;
			buildSettings = {
				ASSETCATALOG_COMPILER_APPICON_NAME = AppIcon;
				INFOPLIST_FILE = KGHalfPresentVCDemo/Info.plist;
				LD_RUNPATH_SEARCH_PATHS = "$(inherited) @executable_path/Frameworks";
				PRODUCT_BUNDLE_IDENTIFIER = com.mimik.KGHalfPresentVCDemo;
				PRODUCT_NAME = "$(TARGET_NAME)";
			};
			name = Release;
		};
		9DB0558A1D8CA0CE00D69503 /* Debug */ = {
			isa = XCBuildConfiguration;
			buildSettings = {
				BUNDLE_LOADER = "$(TEST_HOST)";
				INFOPLIST_FILE = KGHalfPresentVCDemoTests/Info.plist;
				LD_RUNPATH_SEARCH_PATHS = "$(inherited) @executable_path/Frameworks @loader_path/Frameworks";
				PRODUCT_BUNDLE_IDENTIFIER = com.mimik.KGHalfPresentVCDemoTests;
				PRODUCT_NAME = "$(TARGET_NAME)";
				TEST_HOST = "$(BUILT_PRODUCTS_DIR)/KGHalfPresentVCDemo.app/KGHalfPresentVCDemo";
			};
			name = Debug;
		};
		9DB0558B1D8CA0CE00D69503 /* Release */ = {
			isa = XCBuildConfiguration;
			buildSettings = {
				BUNDLE_LOADER = "$(TEST_HOST)";
				INFOPLIST_FILE = KGHalfPresentVCDemoTests/Info.plist;
				LD_RUNPATH_SEARCH_PATHS = "$(inherited) @executable_path/Frameworks @loader_path/Frameworks";
				PRODUCT_BUNDLE_IDENTIFIER = com.mimik.KGHalfPresentVCDemoTests;
				PRODUCT_NAME = "$(TARGET_NAME)";
				TEST_HOST = "$(BUILT_PRODUCTS_DIR)/KGHalfPresentVCDemo.app/KGHalfPresentVCDemo";
			};
			name = Release;
		};
		9DB0558D1D8CA0CE00D69503 /* Debug */ = {
			isa = XCBuildConfiguration;
			buildSettings = {
				INFOPLIST_FILE = KGHalfPresentVCDemoUITests/Info.plist;
				LD_RUNPATH_SEARCH_PATHS = "$(inherited) @executable_path/Frameworks @loader_path/Frameworks";
				PRODUCT_BUNDLE_IDENTIFIER = com.mimik.KGHalfPresentVCDemoUITests;
				PRODUCT_NAME = "$(TARGET_NAME)";
				TEST_TARGET_NAME = KGHalfPresentVCDemo;
			};
			name = Debug;
		};
		9DB0558E1D8CA0CE00D69503 /* Release */ = {
			isa = XCBuildConfiguration;
			buildSettings = {
				INFOPLIST_FILE = KGHalfPresentVCDemoUITests/Info.plist;
				LD_RUNPATH_SEARCH_PATHS = "$(inherited) @executable_path/Frameworks @loader_path/Frameworks";
				PRODUCT_BUNDLE_IDENTIFIER = com.mimik.KGHalfPresentVCDemoUITests;
				PRODUCT_NAME = "$(TARGET_NAME)";
				TEST_TARGET_NAME = KGHalfPresentVCDemo;
			};
			name = Release;
		};
/* End XCBuildConfiguration section */

/* Begin XCConfigurationList section */
		9DB055591D8CA0CE00D69503 /* Build configuration list for PBXProject "KGHalfPresentVCDemo" */ = {
			isa = XCConfigurationList;
			buildConfigurations = (
				9DB055841D8CA0CE00D69503 /* Debug */,
				9DB055851D8CA0CE00D69503 /* Release */,
			);
			defaultConfigurationIsVisible = 0;
			defaultConfigurationName = Release;
		};
		9DB055861D8CA0CE00D69503 /* Build configuration list for PBXNativeTarget "KGHalfPresentVCDemo" */ = {
			isa = XCConfigurationList;
			buildConfigurations = (
				9DB055871D8CA0CE00D69503 /* Debug */,
				9DB055881D8CA0CE00D69503 /* Release */,
			);
			defaultConfigurationIsVisible = 0;
		};
		9DB055891D8CA0CE00D69503 /* Build configuration list for PBXNativeTarget "KGHalfPresentVCDemoTests" */ = {
			isa = XCConfigurationList;
			buildConfigurations = (
				9DB0558A1D8CA0CE00D69503 /* Debug */,
				9DB0558B1D8CA0CE00D69503 /* Release */,
			);
			defaultConfigurationIsVisible = 0;
		};
		9DB0558C1D8CA0CE00D69503 /* Build configuration list for PBXNativeTarget "KGHalfPresentVCDemoUITests" */ = {
			isa = XCConfigurationList;
			buildConfigurations = (
				9DB0558D1D8CA0CE00D69503 /* Debug */,
				9DB0558E1D8CA0CE00D69503 /* Release */,
			);
			defaultConfigurationIsVisible = 0;
		};
/* End XCConfigurationList section */
	};
	rootObject = 9DB055561D8CA0CE00D69503 /* Project object */;
}
